
Microsoft Visual Studio Solution File, Format Version 12.00
# Visual Studio Version 16
VisualStudioVersion = 16.0.30413.136
MinimumVisualStudioVersion = 10.0.40219.1
Project("{FAE04EC0-301F-11D3-BF4B-00C04F79EFBC}") = "Week7Functions", "Week7Functions\Week7Functions.csproj", "{6990FB28-16E0-421E-8B07-BF49BCB90DB0}"
EndProject
Project("{FAE04EC0-301F-11D3-BF4B-00C04F79EFBC}") = "Gender", "Gender\Gender.csproj", "{E5F864D8-4617-4AA0-98BA-A803619AE829}"
EndProject
Project("{FAE04EC0-301F-11D3-BF4B-00C04F79EFBC}") = "Program", "Program\Program.csproj", "{E50747F4-D6F8-4100-A100-1C13AA03F283}"
EndProject
Global
	GlobalSection(SolutionConfigurationPlatforms) = preSolution
		Debug|Any CPU = Debug|Any CPU
		Release|Any CPU = Release|Any CPU
	EndGlobalSection
	GlobalSection(ProjectConfigurationPlatforms) = postSolution
		{6990FB28-16E0-421E-8B07-BF49BCB90DB0}.Debug|Any CPU.ActiveCfg = Debug|Any CPU
		{6990FB28-16E0-421E-8B07-BF49BCB90DB0}.Debug|Any CPU.Build.0 = Debug|Any CPU
		{6990FB28-16E0-421E-8B07-BF49BCB90DB0}.Release|Any CPU.ActiveCfg = Release|Any CPU
		{6990FB28-16E0-421E-8B07-BF49BCB90DB0}.Release|Any CPU.Build.0 = Release|Any CPU
		{E5F864D8-4617-4AA0-98BA-A803619AE829}.Debug|Any CPU.ActiveCfg = Debug|Any CPU
		{E5F864D8-4617-4AA0-98BA-A803619AE829}.Debug|Any CPU.Build.0 = Debug|Any CPU
		{E5F864D8-4617-4AA0-98BA-A803619AE829}.Release|Any CPU.ActiveCfg = Release|Any CPU
		{E5F864D8-4617-4AA0-98BA-A803619AE829}.Release|Any CPU.Build.0 = Release|Any CPU
		{E50747F4-D6F8-4100-A100-1C13AA03F283}.Debug|Any CPU.ActiveCfg = Debug|Any CPU
		{E50747F4-D6F8-4100-A100-1C13AA03F283}.Debug|Any CPU.Build.0 = Debug|Any CPU
		{E50747F4-D6F8-4100-A100-1C13AA03F283}.Release|Any CPU.ActiveCfg = Release|Any CPU
		{E50747F4-D6F8-4100-A100-1C13AA03F283}.Release|Any CPU.Build.0 = Release|Any CPU
	EndGlobalSection
	GlobalSection(SolutionProperties) = preSolution
		HideSolutionNode = FALSE
	EndGlobalSection
	GlobalSection(ExtensibilityGlobals) = postSolution
		SolutionGuid = {7D2B70D7-AC95-462C-A49F-53D5D9B7F432}
	EndGlobalSection
EndGlobal
